{
  "version": 4,
  "terraform_version": "1.2.2",
  "serial": 13,
  "lineage": "5d1fbfa6-1aad-a887-9695-ca5a3490f594",
  "outputs": {},
  "resources": [
    {
      "mode": "managed",
      "type": "google_compute_instance",
      "name": "vm_instance",
      "provider": "provider[\"registry.terraform.io/hashicorp/google\"]",
      "instances": [
        {
          "schema_version": 6,
          "attributes": {
            "advanced_machine_features": [],
            "allow_stopping_for_update": null,
            "attached_disk": [],
            "boot_disk": [
              {
                "auto_delete": true,
                "device_name": "persistent-disk-0",
                "disk_encryption_key_raw": "",
                "disk_encryption_key_sha256": "",
                "initialize_params": [
                  {
                    "image": "https://www.googleapis.com/compute/v1/projects/debian-cloud/global/images/debian-9-stretch-v20220519",
                    "labels": {},
                    "size": 10,
                    "type": "pd-standard"
                  }
                ],
                "kms_key_self_link": "",
                "mode": "READ_WRITE",
                "source": "https://www.googleapis.com/compute/v1/projects/parallel-dynamic-runtime-tf/zones/us-central1-c/disks/terraform-instance-d0ae3f451af09fb1"
              }
            ],
            "can_ip_forward": false,
            "confidential_instance_config": [],
            "cpu_platform": "Intel Haswell",
            "current_status": "RUNNING",
            "deletion_protection": false,
            "description": "",
            "desired_status": null,
            "enable_display": false,
            "guest_accelerator": [],
            "hostname": "",
            "id": "projects/parallel-dynamic-runtime-tf/zones/us-central1-c/instances/terraform-instance-d0ae3f451af09fb1",
            "instance_id": "5381678434037699495",
            "label_fingerprint": "42WmSpB8rSM=",
            "labels": null,
            "machine_type": "f1-micro",
            "metadata": null,
            "metadata_fingerprint": "9pWE9RCjzOY=",
            "metadata_startup_script": null,
            "min_cpu_platform": "",
            "name": "terraform-instance-d0ae3f451af09fb1",
            "network_interface": [
              {
                "access_config": [
                  {
                    "nat_ip": "34.122.147.223",
                    "network_tier": "PREMIUM",
                    "public_ptr_domain_name": ""
                  }
                ],
                "alias_ip_range": [],
                "ipv6_access_config": [],
                "ipv6_access_type": "",
                "name": "nic0",
                "network": "https://www.googleapis.com/compute/v1/projects/parallel-dynamic-runtime-tf/global/networks/vpc-1-pdk",
                "network_ip": "10.1.0.7",
                "nic_type": "",
                "queue_count": 0,
                "stack_type": "IPV4_ONLY",
                "subnetwork": "https://www.googleapis.com/compute/v1/projects/parallel-dynamic-runtime-tf/regions/us-central1/subnetworks/vpc-1-us-central",
                "subnetwork_project": "parallel-dynamic-runtime-tf"
              }
            ],
            "project": "parallel-dynamic-runtime-tf",
            "reservation_affinity": [],
            "resource_policies": null,
            "scheduling": [
              {
                "automatic_restart": true,
                "min_node_cpus": 0,
                "node_affinities": [],
                "on_host_maintenance": "MIGRATE",
                "preemptible": false,
                "provisioning_model": "STANDARD"
              }
            ],
            "scratch_disk": [],
            "self_link": "https://www.googleapis.com/compute/v1/projects/parallel-dynamic-runtime-tf/zones/us-central1-c/instances/terraform-instance-d0ae3f451af09fb1",
            "service_account": [],
            "shielded_instance_config": [],
            "tags": [
              "test",
              "web"
            ],
            "tags_fingerprint": "BdfXoOlElW0=",
            "timeouts": null,
            "zone": "us-central1-c"
          },
          "sensitive_attributes": [],
          "private": "eyJlMmJmYjczMC1lY2FhLTExZTYtOGY4OC0zNDM2M2JjN2M0YzAiOnsiY3JlYXRlIjoxMjAwMDAwMDAwMDAwLCJkZWxldGUiOjEyMDAwMDAwMDAwMDAsInVwZGF0ZSI6MTIwMDAwMDAwMDAwMH0sInNjaGVtYV92ZXJzaW9uIjoiNiJ9",
          "dependencies": [
            "random_id.instance_id"
          ]
        }
      ]
    },
    {
      "mode": "managed",
      "type": "random_id",
      "name": "instance_id",
      "provider": "provider[\"registry.terraform.io/hashicorp/random\"]",
      "instances": [
        {
          "schema_version": 0,
          "attributes": {
            "b64_std": "0K4/RRrwn7E=",
            "b64_url": "0K4_RRrwn7E",
            "byte_length": 8,
            "dec": "15037025771873935281",
            "hex": "d0ae3f451af09fb1",
            "id": "0K4_RRrwn7E",
            "keepers": null,
            "prefix": null
          },
          "sensitive_attributes": [],
          "private": "bnVsbA=="
        }
      ]
    }
  ]
}
